
Microsoft Visual Studio Solution File, Format Version 12.00
# Visual Studio 2012
Project("{2150E333-8FDC-42A3-9474-1A3956D46DE8}") = "01 Samples", "01 Samples", "{6494AEC1-571D-42C4-A543-6A98854CAB79}"
EndProject
Project("{FAE04EC0-301F-11D3-BF4B-00C04F79EFBC}") = "Samples.Model", "Samples.Model\Samples.Model.csproj", "{8E5E1C90-0EB1-4796-A356-846B981912CC}"
EndProject
Project("{FAE04EC0-301F-11D3-BF4B-00C04F79EFBC}") = "Samples.ViewModel", "Samples.ViewModel\Samples.ViewModel.csproj", "{911C5426-0E8C-41E6-A914-1E623F6B5A74}"
EndProject
Project("{FAE04EC0-301F-11D3-BF4B-00C04F79EFBC}") = "SamplesTouch", "SamplesTouch\SamplesTouch.csproj", "{480E4552-6DDC-459A-9E48-CD5885226EB0}"
EndProject
Project("{FAE04EC0-301F-11D3-BF4B-00C04F79EFBC}") = "SamplesDroid", "SamplesDroid\SamplesDroid.csproj", "{F5421215-6AD9-46F8-B62A-9B2DD65639AC}"
EndProject
Project("{2150E333-8FDC-42A3-9474-1A3956D46DE8}") = "03 Nimble", "03 Nimble", "{7CFA7FAE-35A8-4CC7-827C-E64A0F8FFA64}"
EndProject
Project("{FAE04EC0-301F-11D3-BF4B-00C04F79EFBC}") = "Nimble.ViewModel", "Nimble.ViewModel\Nimble.ViewModel.csproj", "{581D0476-CCE8-4B4E-BAE3-E345A498C2EA}"
EndProject
Project("{FAE04EC0-301F-11D3-BF4B-00C04F79EFBC}") = "NimbleTouchMvvm", "NimbleTouchMvvm\NimbleTouchMvvm.csproj", "{0AF69795-9A1C-4D21-923F-23611CF835D6}"
EndProject
Project("{FAE04EC0-301F-11D3-BF4B-00C04F79EFBC}") = "NimbleDroidMvvm", "NimbleDroidMvvm\NimbleDroidMvvm.csproj", "{1DFA14FF-1631-4614-A44A-8AED4EBE0029}"
EndProject
Global
	GlobalSection(SolutionConfigurationPlatforms) = preSolution
		Ad-Hoc|Any CPU = Ad-Hoc|Any CPU
		Ad-Hoc|iPhone = Ad-Hoc|iPhone
		Ad-Hoc|iPhoneSimulator = Ad-Hoc|iPhoneSimulator
		Ad-Hoc|Mixed Platforms = Ad-Hoc|Mixed Platforms
		AppStore|Any CPU = AppStore|Any CPU
		AppStore|iPhone = AppStore|iPhone
		AppStore|iPhoneSimulator = AppStore|iPhoneSimulator
		AppStore|Mixed Platforms = AppStore|Mixed Platforms
		Debug|Any CPU = Debug|Any CPU
		Debug|iPhone = Debug|iPhone
		Debug|iPhoneSimulator = Debug|iPhoneSimulator
		Debug|Mixed Platforms = Debug|Mixed Platforms
		Release|Any CPU = Release|Any CPU
		Release|iPhone = Release|iPhone
		Release|iPhoneSimulator = Release|iPhoneSimulator
		Release|Mixed Platforms = Release|Mixed Platforms
	EndGlobalSection
	GlobalSection(ProjectConfigurationPlatforms) = postSolution
		{0AF69795-9A1C-4D21-923F-23611CF835D6}.Ad-Hoc|Any CPU.ActiveCfg = Release|Any CPU
		{0AF69795-9A1C-4D21-923F-23611CF835D6}.Ad-Hoc|Any CPU.Build.0 = Release|Any CPU
		{0AF69795-9A1C-4D21-923F-23611CF835D6}.Ad-Hoc|iPhone.ActiveCfg = Release|Any CPU
		{0AF69795-9A1C-4D21-923F-23611CF835D6}.Ad-Hoc|iPhoneSimulator.ActiveCfg = Release|Any CPU
		{0AF69795-9A1C-4D21-923F-23611CF835D6}.Ad-Hoc|Mixed Platforms.ActiveCfg = Release|Any CPU
		{0AF69795-9A1C-4D21-923F-23611CF835D6}.Ad-Hoc|Mixed Platforms.Build.0 = Release|Any CPU
		{0AF69795-9A1C-4D21-923F-23611CF835D6}.AppStore|Any CPU.ActiveCfg = Release|Any CPU
		{0AF69795-9A1C-4D21-923F-23611CF835D6}.AppStore|Any CPU.Build.0 = Release|Any CPU
		{0AF69795-9A1C-4D21-923F-23611CF835D6}.AppStore|iPhone.ActiveCfg = Release|Any CPU
		{0AF69795-9A1C-4D21-923F-23611CF835D6}.AppStore|iPhoneSimulator.ActiveCfg = Release|Any CPU
		{0AF69795-9A1C-4D21-923F-23611CF835D6}.AppStore|Mixed Platforms.ActiveCfg = Release|Any CPU
		{0AF69795-9A1C-4D21-923F-23611CF835D6}.AppStore|Mixed Platforms.Build.0 = Release|Any CPU
		{0AF69795-9A1C-4D21-923F-23611CF835D6}.Debug|Any CPU.ActiveCfg = Debug|Any CPU
		{0AF69795-9A1C-4D21-923F-23611CF835D6}.Debug|Any CPU.Build.0 = Debug|Any CPU
		{0AF69795-9A1C-4D21-923F-23611CF835D6}.Debug|iPhone.ActiveCfg = Debug|Any CPU
		{0AF69795-9A1C-4D21-923F-23611CF835D6}.Debug|iPhoneSimulator.ActiveCfg = Debug|Any CPU
		{0AF69795-9A1C-4D21-923F-23611CF835D6}.Debug|Mixed Platforms.ActiveCfg = Debug|Any CPU
		{0AF69795-9A1C-4D21-923F-23611CF835D6}.Debug|Mixed Platforms.Build.0 = Debug|Any CPU
		{0AF69795-9A1C-4D21-923F-23611CF835D6}.Release|Any CPU.ActiveCfg = Release|Any CPU
		{0AF69795-9A1C-4D21-923F-23611CF835D6}.Release|Any CPU.Build.0 = Release|Any CPU
		{0AF69795-9A1C-4D21-923F-23611CF835D6}.Release|iPhone.ActiveCfg = Release|Any CPU
		{0AF69795-9A1C-4D21-923F-23611CF835D6}.Release|iPhoneSimulator.ActiveCfg = Release|Any CPU
		{0AF69795-9A1C-4D21-923F-23611CF835D6}.Release|Mixed Platforms.ActiveCfg = Release|Any CPU
		{0AF69795-9A1C-4D21-923F-23611CF835D6}.Release|Mixed Platforms.Build.0 = Release|Any CPU
		{1DFA14FF-1631-4614-A44A-8AED4EBE0029}.Ad-Hoc|Any CPU.ActiveCfg = Release|Any CPU
		{1DFA14FF-1631-4614-A44A-8AED4EBE0029}.Ad-Hoc|Any CPU.Build.0 = Release|Any CPU
		{1DFA14FF-1631-4614-A44A-8AED4EBE0029}.Ad-Hoc|iPhone.ActiveCfg = Release|Any CPU
		{1DFA14FF-1631-4614-A44A-8AED4EBE0029}.Ad-Hoc|iPhoneSimulator.ActiveCfg = Release|Any CPU
		{1DFA14FF-1631-4614-A44A-8AED4EBE0029}.Ad-Hoc|Mixed Platforms.ActiveCfg = Release|Any CPU
		{1DFA14FF-1631-4614-A44A-8AED4EBE0029}.Ad-Hoc|Mixed Platforms.Build.0 = Release|Any CPU
		{1DFA14FF-1631-4614-A44A-8AED4EBE0029}.AppStore|Any CPU.ActiveCfg = Release|Any CPU
		{1DFA14FF-1631-4614-A44A-8AED4EBE0029}.AppStore|Any CPU.Build.0 = Release|Any CPU
		{1DFA14FF-1631-4614-A44A-8AED4EBE0029}.AppStore|iPhone.ActiveCfg = Release|Any CPU
		{1DFA14FF-1631-4614-A44A-8AED4EBE0029}.AppStore|iPhoneSimulator.ActiveCfg = Release|Any CPU
		{1DFA14FF-1631-4614-A44A-8AED4EBE0029}.AppStore|Mixed Platforms.ActiveCfg = Release|Any CPU
		{1DFA14FF-1631-4614-A44A-8AED4EBE0029}.AppStore|Mixed Platforms.Build.0 = Release|Any CPU
		{1DFA14FF-1631-4614-A44A-8AED4EBE0029}.Debug|Any CPU.ActiveCfg = Debug|Any CPU
		{1DFA14FF-1631-4614-A44A-8AED4EBE0029}.Debug|Any CPU.Build.0 = Debug|Any CPU
		{1DFA14FF-1631-4614-A44A-8AED4EBE0029}.Debug|iPhone.ActiveCfg = Debug|Any CPU
		{1DFA14FF-1631-4614-A44A-8AED4EBE0029}.Debug|iPhoneSimulator.ActiveCfg = Debug|Any CPU
		{1DFA14FF-1631-4614-A44A-8AED4EBE0029}.Debug|Mixed Platforms.ActiveCfg = Debug|Any CPU
		{1DFA14FF-1631-4614-A44A-8AED4EBE0029}.Debug|Mixed Platforms.Build.0 = Debug|Any CPU
		{1DFA14FF-1631-4614-A44A-8AED4EBE0029}.Release|Any CPU.ActiveCfg = Release|Any CPU
		{1DFA14FF-1631-4614-A44A-8AED4EBE0029}.Release|Any CPU.Build.0 = Release|Any CPU
		{1DFA14FF-1631-4614-A44A-8AED4EBE0029}.Release|iPhone.ActiveCfg = Release|Any CPU
		{1DFA14FF-1631-4614-A44A-8AED4EBE0029}.Release|iPhoneSimulator.ActiveCfg = Release|Any CPU
		{1DFA14FF-1631-4614-A44A-8AED4EBE0029}.Release|Mixed Platforms.ActiveCfg = Release|Any CPU
		{1DFA14FF-1631-4614-A44A-8AED4EBE0029}.Release|Mixed Platforms.Build.0 = Release|Any CPU
		{480E4552-6DDC-459A-9E48-CD5885226EB0}.Ad-Hoc|Any CPU.ActiveCfg = Ad-Hoc|iPhone
		{480E4552-6DDC-459A-9E48-CD5885226EB0}.Ad-Hoc|iPhone.ActiveCfg = Ad-Hoc|iPhone
		{480E4552-6DDC-459A-9E48-CD5885226EB0}.Ad-Hoc|iPhone.Build.0 = Ad-Hoc|iPhone
		{480E4552-6DDC-459A-9E48-CD5885226EB0}.Ad-Hoc|iPhoneSimulator.ActiveCfg = Ad-Hoc|iPhoneSimulator
		{480E4552-6DDC-459A-9E48-CD5885226EB0}.Ad-Hoc|iPhoneSimulator.Build.0 = Ad-Hoc|iPhoneSimulator
		{480E4552-6DDC-459A-9E48-CD5885226EB0}.Ad-Hoc|Mixed Platforms.ActiveCfg = Ad-Hoc|iPhone
		{480E4552-6DDC-459A-9E48-CD5885226EB0}.Ad-Hoc|Mixed Platforms.Build.0 = Ad-Hoc|iPhone
		{480E4552-6DDC-459A-9E48-CD5885226EB0}.AppStore|Any CPU.ActiveCfg = AppStore|iPhone
		{480E4552-6DDC-459A-9E48-CD5885226EB0}.AppStore|iPhone.ActiveCfg = AppStore|iPhone
		{480E4552-6DDC-459A-9E48-CD5885226EB0}.AppStore|iPhone.Build.0 = AppStore|iPhone
		{480E4552-6DDC-459A-9E48-CD5885226EB0}.AppStore|iPhoneSimulator.ActiveCfg = AppStore|iPhoneSimulator
		{480E4552-6DDC-459A-9E48-CD5885226EB0}.AppStore|iPhoneSimulator.Build.0 = AppStore|iPhoneSimulator
		{480E4552-6DDC-459A-9E48-CD5885226EB0}.AppStore|Mixed Platforms.ActiveCfg = AppStore|iPhone
		{480E4552-6DDC-459A-9E48-CD5885226EB0}.AppStore|Mixed Platforms.Build.0 = AppStore|iPhone
		{480E4552-6DDC-459A-9E48-CD5885226EB0}.Debug|Any CPU.ActiveCfg = Debug|iPhone
		{480E4552-6DDC-459A-9E48-CD5885226EB0}.Debug|iPhone.ActiveCfg = Debug|iPhone
		{480E4552-6DDC-459A-9E48-CD5885226EB0}.Debug|iPhone.Build.0 = Debug|iPhone
		{480E4552-6DDC-459A-9E48-CD5885226EB0}.Debug|iPhoneSimulator.ActiveCfg = Debug|iPhoneSimulator
		{480E4552-6DDC-459A-9E48-CD5885226EB0}.Debug|iPhoneSimulator.Build.0 = Debug|iPhoneSimulator
		{480E4552-6DDC-459A-9E48-CD5885226EB0}.Debug|Mixed Platforms.ActiveCfg = Debug|iPhone
		{480E4552-6DDC-459A-9E48-CD5885226EB0}.Debug|Mixed Platforms.Build.0 = Debug|iPhone
		{480E4552-6DDC-459A-9E48-CD5885226EB0}.Release|Any CPU.ActiveCfg = Release|iPhone
		{480E4552-6DDC-459A-9E48-CD5885226EB0}.Release|iPhone.ActiveCfg = Release|iPhone
		{480E4552-6DDC-459A-9E48-CD5885226EB0}.Release|iPhone.Build.0 = Release|iPhone
		{480E4552-6DDC-459A-9E48-CD5885226EB0}.Release|iPhoneSimulator.ActiveCfg = Release|iPhoneSimulator
		{480E4552-6DDC-459A-9E48-CD5885226EB0}.Release|iPhoneSimulator.Build.0 = Release|iPhoneSimulator
		{480E4552-6DDC-459A-9E48-CD5885226EB0}.Release|Mixed Platforms.ActiveCfg = Release|iPhone
		{480E4552-6DDC-459A-9E48-CD5885226EB0}.Release|Mixed Platforms.Build.0 = Release|iPhone
		{581D0476-CCE8-4B4E-BAE3-E345A498C2EA}.Ad-Hoc|Any CPU.ActiveCfg = Release|Any CPU
		{581D0476-CCE8-4B4E-BAE3-E345A498C2EA}.Ad-Hoc|Any CPU.Build.0 = Release|Any CPU
		{581D0476-CCE8-4B4E-BAE3-E345A498C2EA}.Ad-Hoc|iPhone.ActiveCfg = Release|Any CPU
		{581D0476-CCE8-4B4E-BAE3-E345A498C2EA}.Ad-Hoc|iPhoneSimulator.ActiveCfg = Release|Any CPU
		{581D0476-CCE8-4B4E-BAE3-E345A498C2EA}.Ad-Hoc|Mixed Platforms.ActiveCfg = Release|Any CPU
		{581D0476-CCE8-4B4E-BAE3-E345A498C2EA}.Ad-Hoc|Mixed Platforms.Build.0 = Release|Any CPU
		{581D0476-CCE8-4B4E-BAE3-E345A498C2EA}.AppStore|Any CPU.ActiveCfg = Release|Any CPU
		{581D0476-CCE8-4B4E-BAE3-E345A498C2EA}.AppStore|Any CPU.Build.0 = Release|Any CPU
		{581D0476-CCE8-4B4E-BAE3-E345A498C2EA}.AppStore|iPhone.ActiveCfg = Release|Any CPU
		{581D0476-CCE8-4B4E-BAE3-E345A498C2EA}.AppStore|iPhoneSimulator.ActiveCfg = Release|Any CPU
		{581D0476-CCE8-4B4E-BAE3-E345A498C2EA}.AppStore|Mixed Platforms.ActiveCfg = Release|Any CPU
		{581D0476-CCE8-4B4E-BAE3-E345A498C2EA}.AppStore|Mixed Platforms.Build.0 = Release|Any CPU
		{581D0476-CCE8-4B4E-BAE3-E345A498C2EA}.Debug|Any CPU.ActiveCfg = Debug|Any CPU
		{581D0476-CCE8-4B4E-BAE3-E345A498C2EA}.Debug|Any CPU.Build.0 = Debug|Any CPU
		{581D0476-CCE8-4B4E-BAE3-E345A498C2EA}.Debug|iPhone.ActiveCfg = Debug|Any CPU
		{581D0476-CCE8-4B4E-BAE3-E345A498C2EA}.Debug|iPhoneSimulator.ActiveCfg = Debug|Any CPU
		{581D0476-CCE8-4B4E-BAE3-E345A498C2EA}.Debug|Mixed Platforms.ActiveCfg = Debug|Any CPU
		{581D0476-CCE8-4B4E-BAE3-E345A498C2EA}.Debug|Mixed Platforms.Build.0 = Debug|Any CPU
		{581D0476-CCE8-4B4E-BAE3-E345A498C2EA}.Release|Any CPU.ActiveCfg = Release|Any CPU
		{581D0476-CCE8-4B4E-BAE3-E345A498C2EA}.Release|Any CPU.Build.0 = Release|Any CPU
		{581D0476-CCE8-4B4E-BAE3-E345A498C2EA}.Release|iPhone.ActiveCfg = Release|Any CPU
		{581D0476-CCE8-4B4E-BAE3-E345A498C2EA}.Release|iPhoneSimulator.ActiveCfg = Release|Any CPU
		{581D0476-CCE8-4B4E-BAE3-E345A498C2EA}.Release|Mixed Platforms.ActiveCfg = Release|Any CPU
		{581D0476-CCE8-4B4E-BAE3-E345A498C2EA}.Release|Mixed Platforms.Build.0 = Release|Any CPU
		{8E5E1C90-0EB1-4796-A356-846B981912CC}.Ad-Hoc|Any CPU.ActiveCfg = Release|Any CPU
		{8E5E1C90-0EB1-4796-A356-846B981912CC}.Ad-Hoc|Any CPU.Build.0 = Release|Any CPU
		{8E5E1C90-0EB1-4796-A356-846B981912CC}.Ad-Hoc|iPhone.ActiveCfg = Release|Any CPU
		{8E5E1C90-0EB1-4796-A356-846B981912CC}.Ad-Hoc|iPhoneSimulator.ActiveCfg = Release|Any CPU
		{8E5E1C90-0EB1-4796-A356-846B981912CC}.Ad-Hoc|Mixed Platforms.ActiveCfg = Release|Any CPU
		{8E5E1C90-0EB1-4796-A356-846B981912CC}.Ad-Hoc|Mixed Platforms.Build.0 = Release|Any CPU
		{8E5E1C90-0EB1-4796-A356-846B981912CC}.AppStore|Any CPU.ActiveCfg = Release|Any CPU
		{8E5E1C90-0EB1-4796-A356-846B981912CC}.AppStore|Any CPU.Build.0 = Release|Any CPU
		{8E5E1C90-0EB1-4796-A356-846B981912CC}.AppStore|iPhone.ActiveCfg = Release|Any CPU
		{8E5E1C90-0EB1-4796-A356-846B981912CC}.AppStore|iPhoneSimulator.ActiveCfg = Release|Any CPU
		{8E5E1C90-0EB1-4796-A356-846B981912CC}.AppStore|Mixed Platforms.ActiveCfg = Release|Any CPU
		{8E5E1C90-0EB1-4796-A356-846B981912CC}.AppStore|Mixed Platforms.Build.0 = Release|Any CPU
		{8E5E1C90-0EB1-4796-A356-846B981912CC}.Debug|Any CPU.ActiveCfg = Debug|Any CPU
		{8E5E1C90-0EB1-4796-A356-846B981912CC}.Debug|Any CPU.Build.0 = Debug|Any CPU
		{8E5E1C90-0EB1-4796-A356-846B981912CC}.Debug|iPhone.ActiveCfg = Debug|Any CPU
		{8E5E1C90-0EB1-4796-A356-846B981912CC}.Debug|iPhoneSimulator.ActiveCfg = Debug|Any CPU
		{8E5E1C90-0EB1-4796-A356-846B981912CC}.Debug|Mixed Platforms.ActiveCfg = Debug|Any CPU
		{8E5E1C90-0EB1-4796-A356-846B981912CC}.Debug|Mixed Platforms.Build.0 = Debug|Any CPU
		{8E5E1C90-0EB1-4796-A356-846B981912CC}.Release|Any CPU.ActiveCfg = Release|Any CPU
		{8E5E1C90-0EB1-4796-A356-846B981912CC}.Release|Any CPU.Build.0 = Release|Any CPU
		{8E5E1C90-0EB1-4796-A356-846B981912CC}.Release|iPhone.ActiveCfg = Release|Any CPU
		{8E5E1C90-0EB1-4796-A356-846B981912CC}.Release|iPhoneSimulator.ActiveCfg = Release|Any CPU
		{8E5E1C90-0EB1-4796-A356-846B981912CC}.Release|Mixed Platforms.ActiveCfg = Release|Any CPU
		{8E5E1C90-0EB1-4796-A356-846B981912CC}.Release|Mixed Platforms.Build.0 = Release|Any CPU
		{911C5426-0E8C-41E6-A914-1E623F6B5A74}.Ad-Hoc|Any CPU.ActiveCfg = Release|Any CPU
		{911C5426-0E8C-41E6-A914-1E623F6B5A74}.Ad-Hoc|Any CPU.Build.0 = Release|Any CPU
		{911C5426-0E8C-41E6-A914-1E623F6B5A74}.Ad-Hoc|iPhone.ActiveCfg = Release|Any CPU
		{911C5426-0E8C-41E6-A914-1E623F6B5A74}.Ad-Hoc|iPhoneSimulator.ActiveCfg = Release|Any CPU
		{911C5426-0E8C-41E6-A914-1E623F6B5A74}.Ad-Hoc|Mixed Platforms.ActiveCfg = Release|Any CPU
		{911C5426-0E8C-41E6-A914-1E623F6B5A74}.Ad-Hoc|Mixed Platforms.Build.0 = Release|Any CPU
		{911C5426-0E8C-41E6-A914-1E623F6B5A74}.AppStore|Any CPU.ActiveCfg = Release|Any CPU
		{911C5426-0E8C-41E6-A914-1E623F6B5A74}.AppStore|Any CPU.Build.0 = Release|Any CPU
		{911C5426-0E8C-41E6-A914-1E623F6B5A74}.AppStore|iPhone.ActiveCfg = Release|Any CPU
		{911C5426-0E8C-41E6-A914-1E623F6B5A74}.AppStore|iPhoneSimulator.ActiveCfg = Release|Any CPU
		{911C5426-0E8C-41E6-A914-1E623F6B5A74}.AppStore|Mixed Platforms.ActiveCfg = Release|Any CPU
		{911C5426-0E8C-41E6-A914-1E623F6B5A74}.AppStore|Mixed Platforms.Build.0 = Release|Any CPU
		{911C5426-0E8C-41E6-A914-1E623F6B5A74}.Debug|Any CPU.ActiveCfg = Debug|Any CPU
		{911C5426-0E8C-41E6-A914-1E623F6B5A74}.Debug|Any CPU.Build.0 = Debug|Any CPU
		{911C5426-0E8C-41E6-A914-1E623F6B5A74}.Debug|iPhone.ActiveCfg = Debug|Any CPU
		{911C5426-0E8C-41E6-A914-1E623F6B5A74}.Debug|iPhoneSimulator.ActiveCfg = Debug|Any CPU
		{911C5426-0E8C-41E6-A914-1E623F6B5A74}.Debug|Mixed Platforms.ActiveCfg = Debug|Any CPU
		{911C5426-0E8C-41E6-A914-1E623F6B5A74}.Debug|Mixed Platforms.Build.0 = Debug|Any CPU
		{911C5426-0E8C-41E6-A914-1E623F6B5A74}.Release|Any CPU.ActiveCfg = Release|Any CPU
		{911C5426-0E8C-41E6-A914-1E623F6B5A74}.Release|Any CPU.Build.0 = Release|Any CPU
		{911C5426-0E8C-41E6-A914-1E623F6B5A74}.Release|iPhone.ActiveCfg = Release|Any CPU
		{911C5426-0E8C-41E6-A914-1E623F6B5A74}.Release|iPhoneSimulator.ActiveCfg = Release|Any CPU
		{911C5426-0E8C-41E6-A914-1E623F6B5A74}.Release|Mixed Platforms.ActiveCfg = Release|Any CPU
		{911C5426-0E8C-41E6-A914-1E623F6B5A74}.Release|Mixed Platforms.Build.0 = Release|Any CPU
		{F5421215-6AD9-46F8-B62A-9B2DD65639AC}.Ad-Hoc|Any CPU.ActiveCfg = Release|Any CPU
		{F5421215-6AD9-46F8-B62A-9B2DD65639AC}.Ad-Hoc|Any CPU.Build.0 = Release|Any CPU
		{F5421215-6AD9-46F8-B62A-9B2DD65639AC}.Ad-Hoc|Any CPU.Deploy.0 = Release|Any CPU
		{F5421215-6AD9-46F8-B62A-9B2DD65639AC}.Ad-Hoc|iPhone.ActiveCfg = Release|Any CPU
		{F5421215-6AD9-46F8-B62A-9B2DD65639AC}.Ad-Hoc|iPhoneSimulator.ActiveCfg = Release|Any CPU
		{F5421215-6AD9-46F8-B62A-9B2DD65639AC}.Ad-Hoc|Mixed Platforms.ActiveCfg = Release|Any CPU
		{F5421215-6AD9-46F8-B62A-9B2DD65639AC}.Ad-Hoc|Mixed Platforms.Build.0 = Release|Any CPU
		{F5421215-6AD9-46F8-B62A-9B2DD65639AC}.Ad-Hoc|Mixed Platforms.Deploy.0 = Release|Any CPU
		{F5421215-6AD9-46F8-B62A-9B2DD65639AC}.AppStore|Any CPU.ActiveCfg = Release|Any CPU
		{F5421215-6AD9-46F8-B62A-9B2DD65639AC}.AppStore|Any CPU.Build.0 = Release|Any CPU
		{F5421215-6AD9-46F8-B62A-9B2DD65639AC}.AppStore|Any CPU.Deploy.0 = Release|Any CPU
		{F5421215-6AD9-46F8-B62A-9B2DD65639AC}.AppStore|iPhone.ActiveCfg = Release|Any CPU
		{F5421215-6AD9-46F8-B62A-9B2DD65639AC}.AppStore|iPhoneSimulator.ActiveCfg = Release|Any CPU
		{F5421215-6AD9-46F8-B62A-9B2DD65639AC}.AppStore|Mixed Platforms.ActiveCfg = Release|Any CPU
		{F5421215-6AD9-46F8-B62A-9B2DD65639AC}.AppStore|Mixed Platforms.Build.0 = Release|Any CPU
		{F5421215-6AD9-46F8-B62A-9B2DD65639AC}.AppStore|Mixed Platforms.Deploy.0 = Release|Any CPU
		{F5421215-6AD9-46F8-B62A-9B2DD65639AC}.Debug|Any CPU.ActiveCfg = Debug|Any CPU
		{F5421215-6AD9-46F8-B62A-9B2DD65639AC}.Debug|Any CPU.Build.0 = Debug|Any CPU
		{F5421215-6AD9-46F8-B62A-9B2DD65639AC}.Debug|Any CPU.Deploy.0 = Debug|Any CPU
		{F5421215-6AD9-46F8-B62A-9B2DD65639AC}.Debug|iPhone.ActiveCfg = Debug|Any CPU
		{F5421215-6AD9-46F8-B62A-9B2DD65639AC}.Debug|iPhoneSimulator.ActiveCfg = Debug|Any CPU
		{F5421215-6AD9-46F8-B62A-9B2DD65639AC}.Debug|Mixed Platforms.ActiveCfg = Debug|Any CPU
		{F5421215-6AD9-46F8-B62A-9B2DD65639AC}.Debug|Mixed Platforms.Build.0 = Debug|Any CPU
		{F5421215-6AD9-46F8-B62A-9B2DD65639AC}.Debug|Mixed Platforms.Deploy.0 = Debug|Any CPU
		{F5421215-6AD9-46F8-B62A-9B2DD65639AC}.Release|Any CPU.ActiveCfg = Release|Any CPU
		{F5421215-6AD9-46F8-B62A-9B2DD65639AC}.Release|Any CPU.Build.0 = Release|Any CPU
		{F5421215-6AD9-46F8-B62A-9B2DD65639AC}.Release|Any CPU.Deploy.0 = Release|Any CPU
		{F5421215-6AD9-46F8-B62A-9B2DD65639AC}.Release|iPhone.ActiveCfg = Release|Any CPU
		{F5421215-6AD9-46F8-B62A-9B2DD65639AC}.Release|iPhoneSimulator.ActiveCfg = Release|Any CPU
		{F5421215-6AD9-46F8-B62A-9B2DD65639AC}.Release|Mixed Platforms.ActiveCfg = Release|Any CPU
		{F5421215-6AD9-46F8-B62A-9B2DD65639AC}.Release|Mixed Platforms.Build.0 = Release|Any CPU
		{F5421215-6AD9-46F8-B62A-9B2DD65639AC}.Release|Mixed Platforms.Deploy.0 = Release|Any CPU
	EndGlobalSection
	GlobalSection(NestedProjects) = preSolution
		{8E5E1C90-0EB1-4796-A356-846B981912CC} = {6494AEC1-571D-42C4-A543-6A98854CAB79}
		{911C5426-0E8C-41E6-A914-1E623F6B5A74} = {6494AEC1-571D-42C4-A543-6A98854CAB79}
		{480E4552-6DDC-459A-9E48-CD5885226EB0} = {6494AEC1-571D-42C4-A543-6A98854CAB79}
		{F5421215-6AD9-46F8-B62A-9B2DD65639AC} = {6494AEC1-571D-42C4-A543-6A98854CAB79}
		{581D0476-CCE8-4B4E-BAE3-E345A498C2EA} = {7CFA7FAE-35A8-4CC7-827C-E64A0F8FFA64}
		{0AF69795-9A1C-4D21-923F-23611CF835D6} = {7CFA7FAE-35A8-4CC7-827C-E64A0F8FFA64}
		{1DFA14FF-1631-4614-A44A-8AED4EBE0029} = {7CFA7FAE-35A8-4CC7-827C-E64A0F8FFA64}
	EndGlobalSection
	GlobalSection(MonoDevelopProperties) = preSolution
		StartupItem = SamplesTouch\SamplesTouch.csproj
	EndGlobalSection
	GlobalSection(SolutionProperties) = preSolution
		HideSolutionNode = FALSE
	EndGlobalSection
EndGlobal
